github.com/blang/semver/v4 v4.0.0 h1:1PFHFE6yCCTv8C1TeyNNarDzntLi7wMI5i/pzqYIsAM=
github.com/blang/semver/v4 v4.0.0/go.mod h1:IbckMUScFkM3pff0VJDNKRiT6TG/YpiHIM2yvyW5YoQ=
github.com/consensys/gnark v0.15.0 h1:MwNpcGP2PawnGR3T9AnXDQS67aY22QTNb2Go8p/1gto=
github.com/consensys/gnark v0.15.0/go.mod h1:RIWXG9Gl+Ls2enSayeA/NdcM/FI3OOf6AqNdI2Jv8QU=
github.com/consensys/gnark-crypto v0.20.1 h1:PXDUBvk8AzhvWowHLWBEAfUQcV1/aZgWIqD6eMpXmDg=
github.com/consensys/gnark-crypto v0.20.1/go.mod h1:RBWrSgy+IDbGR69RRV313th3M/aZU1ubk2om+qHuTSc=
